
Microsoft Visual Studio Solution File, Format Version 12.00
# Visual Studio Version 17
VisualStudioVersion = 17.6.33829.357
MinimumVisualStudioVersion = 10.0.40219.1
Project("{FAE04EC0-301F-11D3-BF4B-00C04F79EFBC}") = "La fattoria degli animali", "La fattoria degli animali\La fattoria degli animali.csproj", "{0E7CC489-DD81-47FA-951D-4DBA6CF6D37E}"
EndProject
Global
	GlobalSection(SolutionConfigurationPlatforms) = preSolution
		Debug|Any CPU = Debug|Any CPU
		Release|Any CPU = Release|Any CPU
	EndGlobalSection
	GlobalSection(ProjectConfigurationPlatforms) = postSolution
		{0E7CC489-DD81-47FA-951D-4DBA6CF6D37E}.Debug|Any CPU.ActiveCfg = Debug|Any CPU
		{0E7CC489-DD81-47FA-951D-4DBA6CF6D37E}.Debug|Any CPU.Build.0 = Debug|Any CPU
		{0E7CC489-DD81-47FA-951D-4DBA6CF6D37E}.Release|Any CPU.ActiveCfg = Release|Any CPU
		{0E7CC489-DD81-47FA-951D-4DBA6CF6D37E}.Release|Any CPU.Build.0 = Release|Any CPU
	EndGlobalSection
	GlobalSection(SolutionProperties) = preSolution
		HideSolutionNode = FALSE
	EndGlobalSection
	GlobalSection(ExtensibilityGlobals) = postSolution
		SolutionGuid = {E5988E3D-6786-49F7-BB0A-4E78BA361372}
	EndGlobalSection
EndGlobal
